
Microsoft Visual Studio Solution File, Format Version 12.00
# Visual Studio Version 17
VisualStudioVersion = 17.5.002.0
MinimumVisualStudioVersion = 10.0.40219.1
Project("{9A19103F-16F7-4668-BE54-9A1E7A4F7556}") = "practica1", "practica1.csproj", "{CB2E8D71-064F-42D0-AF7E-99743C8E35B6}"
EndProject
Global
	GlobalSection(SolutionConfigurationPlatforms) = preSolution
		Debug|Any CPU = Debug|Any CPU
		Release|Any CPU = Release|Any CPU
	EndGlobalSection
	GlobalSection(ProjectConfigurationPlatforms) = postSolution
		{CB2E8D71-064F-42D0-AF7E-99743C8E35B6}.Debug|Any CPU.ActiveCfg = Debug|Any CPU
		{CB2E8D71-064F-42D0-AF7E-99743C8E35B6}.Debug|Any CPU.Build.0 = Debug|Any CPU
		{CB2E8D71-064F-42D0-AF7E-99743C8E35B6}.Release|Any CPU.ActiveCfg = Release|Any CPU
		{CB2E8D71-064F-42D0-AF7E-99743C8E35B6}.Release|Any CPU.Build.0 = Release|Any CPU
	EndGlobalSection
	GlobalSection(SolutionProperties) = preSolution
		HideSolutionNode = FALSE
	EndGlobalSection
	GlobalSection(ExtensibilityGlobals) = postSolution
		SolutionGuid = {069AA7AF-F954-4AD1-BD42-D68C87703657}
	EndGlobalSection
EndGlobal
